
Microsoft Visual Studio Solution File, Format Version 12.00
# Visual Studio 15
VisualStudioVersion = 15.0.26124.0
MinimumVisualStudioVersion = 15.0.26124.0
Project("{FAE04EC0-301F-11D3-BF4B-00C04F79EFBC}") = "TeacherJournal.Core", "TeacherJournal.Core\TeacherJournal.Core.csproj", "{92B60646-0D87-4A0A-8826-8838921CDA0F}"
EndProject
Project("{FAE04EC0-301F-11D3-BF4B-00C04F79EFBC}") = "TeacherJournal.BusinessLogic", "TeacherJournal.BusinessLogic\TeacherJournal.BusinessLogic.csproj", "{7973464E-C063-415A-9893-D03C1658F1B0}"
EndProject
Project("{FAE04EC0-301F-11D3-BF4B-00C04F79EFBC}") = "TeacherJournal.UnitTests", "TeacherJournal.UnitTests\TeacherJournal.UnitTests.csproj", "{F015ED65-8F9A-4B36-B221-BD5BBF8556A0}"
EndProject
Project("{FAE04EC0-301F-11D3-BF4B-00C04F79EFBC}") = "TeacherJournal.DataAccess", "TeacherJournal.DataAccess\TeacherJournal.DataAccess.csproj", "{E9F88976-80DF-49E0-B465-5FA59F27C66A}"
EndProject
Global
	GlobalSection(SolutionConfigurationPlatforms) = preSolution
		Debug|Any CPU = Debug|Any CPU
		Debug|x64 = Debug|x64
		Debug|x86 = Debug|x86
		Release|Any CPU = Release|Any CPU
		Release|x64 = Release|x64
		Release|x86 = Release|x86
	EndGlobalSection
	GlobalSection(SolutionProperties) = preSolution
		HideSolutionNode = FALSE
	EndGlobalSection
	GlobalSection(ProjectConfigurationPlatforms) = postSolution
		{92B60646-0D87-4A0A-8826-8838921CDA0F}.Debug|Any CPU.ActiveCfg = Debug|Any CPU
		{92B60646-0D87-4A0A-8826-8838921CDA0F}.Debug|Any CPU.Build.0 = Debug|Any CPU
		{92B60646-0D87-4A0A-8826-8838921CDA0F}.Debug|x64.ActiveCfg = Debug|x64
		{92B60646-0D87-4A0A-8826-8838921CDA0F}.Debug|x64.Build.0 = Debug|x64
		{92B60646-0D87-4A0A-8826-8838921CDA0F}.Debug|x86.ActiveCfg = Debug|x86
		{92B60646-0D87-4A0A-8826-8838921CDA0F}.Debug|x86.Build.0 = Debug|x86
		{92B60646-0D87-4A0A-8826-8838921CDA0F}.Release|Any CPU.ActiveCfg = Release|Any CPU
		{92B60646-0D87-4A0A-8826-8838921CDA0F}.Release|Any CPU.Build.0 = Release|Any CPU
		{92B60646-0D87-4A0A-8826-8838921CDA0F}.Release|x64.ActiveCfg = Release|x64
		{92B60646-0D87-4A0A-8826-8838921CDA0F}.Release|x64.Build.0 = Release|x64
		{92B60646-0D87-4A0A-8826-8838921CDA0F}.Release|x86.ActiveCfg = Release|x86
		{92B60646-0D87-4A0A-8826-8838921CDA0F}.Release|x86.Build.0 = Release|x86
		{7973464E-C063-415A-9893-D03C1658F1B0}.Debug|Any CPU.ActiveCfg = Debug|Any CPU
		{7973464E-C063-415A-9893-D03C1658F1B0}.Debug|Any CPU.Build.0 = Debug|Any CPU
		{7973464E-C063-415A-9893-D03C1658F1B0}.Debug|x64.ActiveCfg = Debug|x64
		{7973464E-C063-415A-9893-D03C1658F1B0}.Debug|x64.Build.0 = Debug|x64
		{7973464E-C063-415A-9893-D03C1658F1B0}.Debug|x86.ActiveCfg = Debug|x86
		{7973464E-C063-415A-9893-D03C1658F1B0}.Debug|x86.Build.0 = Debug|x86
		{7973464E-C063-415A-9893-D03C1658F1B0}.Release|Any CPU.ActiveCfg = Release|Any CPU
		{7973464E-C063-415A-9893-D03C1658F1B0}.Release|Any CPU.Build.0 = Release|Any CPU
		{7973464E-C063-415A-9893-D03C1658F1B0}.Release|x64.ActiveCfg = Release|x64
		{7973464E-C063-415A-9893-D03C1658F1B0}.Release|x64.Build.0 = Release|x64
		{7973464E-C063-415A-9893-D03C1658F1B0}.Release|x86.ActiveCfg = Release|x86
		{7973464E-C063-415A-9893-D03C1658F1B0}.Release|x86.Build.0 = Release|x86
		{F015ED65-8F9A-4B36-B221-BD5BBF8556A0}.Debug|Any CPU.ActiveCfg = Debug|Any CPU
		{F015ED65-8F9A-4B36-B221-BD5BBF8556A0}.Debug|Any CPU.Build.0 = Debug|Any CPU
		{F015ED65-8F9A-4B36-B221-BD5BBF8556A0}.Debug|x64.ActiveCfg = Debug|x64
		{F015ED65-8F9A-4B36-B221-BD5BBF8556A0}.Debug|x64.Build.0 = Debug|x64
		{F015ED65-8F9A-4B36-B221-BD5BBF8556A0}.Debug|x86.ActiveCfg = Debug|x86
		{F015ED65-8F9A-4B36-B221-BD5BBF8556A0}.Debug|x86.Build.0 = Debug|x86
		{F015ED65-8F9A-4B36-B221-BD5BBF8556A0}.Release|Any CPU.ActiveCfg = Release|Any CPU
		{F015ED65-8F9A-4B36-B221-BD5BBF8556A0}.Release|Any CPU.Build.0 = Release|Any CPU
		{F015ED65-8F9A-4B36-B221-BD5BBF8556A0}.Release|x64.ActiveCfg = Release|x64
		{F015ED65-8F9A-4B36-B221-BD5BBF8556A0}.Release|x64.Build.0 = Release|x64
		{F015ED65-8F9A-4B36-B221-BD5BBF8556A0}.Release|x86.ActiveCfg = Release|x86
		{F015ED65-8F9A-4B36-B221-BD5BBF8556A0}.Release|x86.Build.0 = Release|x86
		{E9F88976-80DF-49E0-B465-5FA59F27C66A}.Debug|Any CPU.ActiveCfg = Debug|Any CPU
		{E9F88976-80DF-49E0-B465-5FA59F27C66A}.Debug|Any CPU.Build.0 = Debug|Any CPU
		{E9F88976-80DF-49E0-B465-5FA59F27C66A}.Debug|x64.ActiveCfg = Debug|x64
		{E9F88976-80DF-49E0-B465-5FA59F27C66A}.Debug|x64.Build.0 = Debug|x64
		{E9F88976-80DF-49E0-B465-5FA59F27C66A}.Debug|x86.ActiveCfg = Debug|x86
		{E9F88976-80DF-49E0-B465-5FA59F27C66A}.Debug|x86.Build.0 = Debug|x86
		{E9F88976-80DF-49E0-B465-5FA59F27C66A}.Release|Any CPU.ActiveCfg = Release|Any CPU
		{E9F88976-80DF-49E0-B465-5FA59F27C66A}.Release|Any CPU.Build.0 = Release|Any CPU
		{E9F88976-80DF-49E0-B465-5FA59F27C66A}.Release|x64.ActiveCfg = Release|x64
		{E9F88976-80DF-49E0-B465-5FA59F27C66A}.Release|x64.Build.0 = Release|x64
		{E9F88976-80DF-49E0-B465-5FA59F27C66A}.Release|x86.ActiveCfg = Release|x86
		{E9F88976-80DF-49E0-B465-5FA59F27C66A}.Release|x86.Build.0 = Release|x86
	EndGlobalSection
EndGlobal
